// !$*UTF8*$!
{
	archiveVersion = 1;
	classes = {
	};
	objectVersion = 54;
	objects = {

/* Begin PBXBuildFile section */
		D3EADD3025B7D1F900EC85AE /* AppDelegate.swift in Sources */ = {isa = PBXBuildFile; fileRef = D3EADD2F25B7D1F900EC85AE /* AppDelegate.swift */; };
		D3EADD3225B7D1F900EC85AE /* SceneDelegate.swift in Sources */ = {isa = PBXBuildFile; fileRef = D3EADD3125B7D1F900EC85AE /* SceneDelegate.swift */; };
		D3EADD3425B7D1F900EC85AE /* ContentView.swift in Sources */ = {isa = PBXBuildFile; fileRef = D3EADD3325B7D1F900EC85AE /* ContentView.swift */; };
		D3EADD3625B7D1FB00EC85AE /* Assets.xcassets in Resources */ = {isa = PBXBuildFile; fileRef = D3EADD3525B7D1FB00EC85AE /* Assets.xcassets */; };
		D3EADD3925B7D1FB00EC85AE /* Preview Assets.xcassets in Resources */ = {isa = PBXBuildFile; fileRef = D3EADD3825B7D1FB00EC85AE /* Preview Assets.xcassets */; };
		D3EADD3C25B7D1FB00EC85AE /* LaunchScreen.storyboard in Resources */ = {isa = PBXBuildFile; fileRef = D3EADD3A25B7D1FB00EC85AE /* LaunchScreen.storyboard */; };
		D3EADD4C25B7D33F00EC85AE /* ChatSessionView.swift in Sources */ = {isa = PBXBuildFile; fileRef = D3EADD4B25B7D33F00EC85AE /* ChatSessionView.swift */; };
		D3EADD5625B7D9D500EC85AE /* ChatMessage.swift in Sources */ = {isa = PBXBuildFile; fileRef = D3EADD5525B7D9D500EC85AE /* ChatMessage.swift */; };
		D3EADD5A25B7DAD800EC85AE /* ChatConnectionManager.swift in Sources */ = {isa = PBXBuildFile; fileRef = D3EADD5925B7DAD800EC85AE /* ChatConnectionManager.swift */; };
/* End PBXBuildFile section */

/* Begin PBXFileReference section */
		D3EADD2C25B7D1F900EC85AE /* MultipeerChat.app */ = {isa = PBXFileReference; explicitFileType = wrapper.application; includeInIndex = 0; path = MultipeerChat.app; sourceTree = BUILT_PRODUCTS_DIR; };
		D3EADD2F25B7D1F900EC85AE /* AppDelegate.swift */ = {isa = PBXFileReference; lastKnownFileType = sourcecode.swift; path = AppDelegate.swift; sourceTree = "<group>"; };
		D3EADD3125B7D1F900EC85AE /* SceneDelegate.swift */ = {isa = PBXFileReference; lastKnownFileType = sourcecode.swift; path = SceneDelegate.swift; sourceTree = "<group>"; };
		D3EADD3325B7D1F900EC85AE /* ContentView.swift */ = {isa = PBXFileReference; lastKnownFileType = sourcecode.swift; path = ContentView.swift; sourceTree = "<group>"; };
		D3EADD3525B7D1FB00EC85AE /* Assets.xcassets */ = {isa = PBXFileReference; lastKnownFileType = folder.assetcatalog; path = Assets.xcassets; sourceTree = "<group>"; };
		D3EADD3825B7D1FB00EC85AE /* Preview Assets.xcassets */ = {isa = PBXFileReference; lastKnownFileType = folder.assetcatalog; path = "Preview Assets.xcassets"; sourceTree = "<group>"; };
		D3EADD3B25B7D1FB00EC85AE /* Base */ = {isa = PBXFileReference; lastKnownFileType = file.storyboard; name = Base; path = Base.lproj/LaunchScreen.storyboard; sourceTree = "<group>"; };
		D3EADD3D25B7D1FB00EC85AE /* Info.plist */ = {isa = PBXFileReference; lastKnownFileType = text.plist.xml; path = Info.plist; sourceTree = "<group>"; };
		D3EADD4B25B7D33F00EC85AE /* ChatSessionView.swift */ = {isa = PBXFileReference; lastKnownFileType = sourcecode.swift; path = ChatSessionView.swift; sourceTree = "<group>"; };
		D3EADD5525B7D9D500EC85AE /* ChatMessage.swift */ = {isa = PBXFileReference; lastKnownFileType = sourcecode.swift; path = ChatMessage.swift; sourceTree = "<group>"; };
		D3EADD5925B7DAD800EC85AE /* ChatConnectionManager.swift */ = {isa = PBXFileReference; lastKnownFileType = sourcecode.swift; path = ChatConnectionManager.swift; sourceTree = "<group>"; };
/* End PBXFileReference section */

/* Begin PBXFrameworksBuildPhase section */
		D3EADD2925B7D1F900EC85AE /* Frameworks */ = {
			isa = PBXFrameworksBuildPhase;
			buildActionMask = 2147483647;
			files = (
			);
			runOnlyForDeploymentPostprocessing = 0;
		};
/* End PBXFrameworksBuildPhase section */

/* Begin PBXGroup section */
		D3EADD2325B7D1F900EC85AE = {
			isa = PBXGroup;
			children = (
				D3EADD2E25B7D1F900EC85AE /* MultipeerChat */,
				D3EADD2D25B7D1F900EC85AE /* Products */,
			);
			sourceTree = "<group>";
		};
		D3EADD2D25B7D1F900EC85AE /* Products */ = {
			isa = PBXGroup;
			children = (
				D3EADD2C25B7D1F900EC85AE /* MultipeerChat.app */,
			);
			name = Products;
			sourceTree = "<group>";
		};
		D3EADD2E25B7D1F900EC85AE /* MultipeerChat */ = {
			isa = PBXGroup;
			children = (
				D3EADD2F25B7D1F900EC85AE /* AppDelegate.swift */,
				D3EADD3125B7D1F900EC85AE /* SceneDelegate.swift */,
				D3EADD3325B7D1F900EC85AE /* ContentView.swift */,
				D3EADD5825B7DAAC00EC85AE /* Connection Managers */,
				D3EADD5425B7D9AD00EC85AE /* Models */,
				D3EADD4525B7D2FD00EC85AE /* Chat Views */,
				D3EADD3525B7D1FB00EC85AE /* Assets.xcassets */,
				D3EADD3A25B7D1FB00EC85AE /* LaunchScreen.storyboard */,
				D3EADD3D25B7D1FB00EC85AE /* Info.plist */,
				D3EADD3725B7D1FB00EC85AE /* Preview Content */,
			);
			path = MultipeerChat;
			sourceTree = "<group>";
		};
		D3EADD3725B7D1FB00EC85AE /* Preview Content */ = {
			isa = PBXGroup;
			children = (
				D3EADD3825B7D1FB00EC85AE /* Preview Assets.xcassets */,
			);
			path = "Preview Content";
			sourceTree = "<group>";
		};
		D3EADD4525B7D2FD00EC85AE /* Chat Views */ = {
			isa = PBXGroup;
			children = (
				D3EADD4B25B7D33F00EC85AE /* ChatSessionView.swift */,
			);
			path = "Chat Views";
			sourceTree = "<group>";
		};
		D3EADD5425B7D9AD00EC85AE /* Models */ = {
			isa = PBXGroup;
			children = (
				D3EADD5525B7D9D500EC85AE /* ChatMessage.swift */,
			);
			path = Models;
			sourceTree = "<group>";
		};
		D3EADD5825B7DAAC00EC85AE /* Connection Managers */ = {
			isa = PBXGroup;
			children = (
				D3EADD5925B7DAD800EC85AE /* ChatConnectionManager.swift */,
			);
			path = "Connection Managers";
			sourceTree = "<group>";
		};
/* End PBXGroup section */

/* Begin PBXNativeTarget section */
		D3EADD2B25B7D1F900EC85AE /* MultipeerChat */ = {
			isa = PBXNativeTarget;
			buildConfigurationList = D3EADD4025B7D1FB00EC85AE /* Build configuration list for PBXNativeTarget "MultipeerChat" */;
			buildPhases = (
				D3EADD2825B7D1F900EC85AE /* Sources */,
				D3EADD2925B7D1F900EC85AE /* Frameworks */,
				D3EADD2A25B7D1F900EC85AE /* Resources */,
			);
			buildRules = (
			);
			dependencies = (
			);
			name = MultipeerChat;
			productName = MultipeerChat;
			productReference = D3EADD2C25B7D1F900EC85AE /* MultipeerChat.app */;
			productType = "com.apple.product-type.application";
		};
/* End PBXNativeTarget section */

/* Begin PBXProject section */
		D3EADD2425B7D1F900EC85AE /* Project object */ = {
			isa = PBXProject;
			attributes = {
				LastSwiftUpdateCheck = 1230;
				LastUpgradeCheck = 1230;
				ORGANIZATIONNAME = "Surasak W";
				TargetAttributes = {
					D3EADD2B25B7D1F900EC85AE = {
						CreatedOnToolsVersion = 12.3;
					};
				};
			};
			buildConfigurationList = D3EADD2725B7D1F900EC85AE /* Build configuration list for PBXProject "MultipeerChat" */;
			compatibilityVersion = "Xcode 12.0";
			developmentRegion = en;
			hasScannedForEncodings = 0;
			knownRegions = (
				en,
				Base,
			);
			mainGroup = D3EADD2325B7D1F900EC85AE;
			productRefGroup = D3EADD2D25B7D1F900EC85AE /* Products */;
			projectDirPath = "";
			projectRoot = "";
			targets = (
				D3EADD2B25B7D1F900EC85AE /* MultipeerChat */,
			);
		};
/* End PBXProject section */

/* Begin PBXResourcesBuildPhase section */
		D3EADD2A25B7D1F900EC85AE /* Resources */ = {
			isa = PBXResourcesBuildPhase;
			buildActionMask = 2147483647;
			files = (
				D3EADD3C25B7D1FB00EC85AE /* LaunchScreen.storyboard in Resources */,
				D3EADD3925B7D1FB00EC85AE /* Preview Assets.xcassets in Resources */,
				D3EADD3625B7D1FB00EC85AE /* Assets.xcassets in Resources */,
			);
			runOnlyForDeploymentPostprocessing = 0;
		};
/* End PBXResourcesBuildPhase section */

/* Begin PBXSourcesBuildPhase section */
		D3EADD2825B7D1F900EC85AE /* Sources */ = {
			isa = PBXSourcesBuildPhase;
			buildActionMask = 2147483647;
			files = (
				D3EADD3025B7D1F900EC85AE /* AppDelegate.swift in Sources */,
				D3EADD3225B7D1F900EC85AE /* SceneDelegate.swift in Sources */,
				D3EADD3425B7D1F900EC85AE /* ContentView.swift in Sources */,
				D3EADD5A25B7DAD800EC85AE /* ChatConnectionManager.swift in Sources */,
				D3EADD5625B7D9D500EC85AE /* ChatMessage.swift in Sources */,
				D3EADD4C25B7D33F00EC85AE /* ChatSessionView.swift in Sources */,
			);
			runOnlyForDeploymentPostprocessing = 0;
		};
/* End PBXSourcesBuildPhase section */

/* Begin PBXVariantGroup section */
		D3EADD3A25B7D1FB00EC85AE /* LaunchScreen.storyboard */ = {
			isa = PBXVariantGroup;
			children = (
				D3EADD3B25B7D1FB00EC85AE /* Base */,
			);
			name = LaunchScreen.storyboard;
			sourceTree = "<group>";
		};
/* End PBXVariantGroup section */

/* Begin XCBuildConfiguration section */
		D3EADD3E25B7D1FB00EC85AE /* Debug */ = {
			isa = XCBuildConfiguration;
			buildSettings = {
				ALWAYS_SEARCH_USER_PATHS = NO;
				CLANG_ANALYZER_NONNULL = YES;
				CLANG_ANALYZER_NUMBER_OBJECT_CONVERSION = YES_AGGRESSIVE;
				CLANG_CXX_LANGUAGE_STANDARD = "gnu++14";
				CLANG_CXX_LIBRARY = "libc++";
				CLANG_ENABLE_MODULES = YES;
				CLANG_ENABLE_OBJC_ARC = YES;
				CLANG_ENABLE_OBJC_WEAK = YES;
				CLANG_WARN_BLOCK_CAPTURE_AUTORELEASING = YES;
				CLANG_WARN_BOOL_CONVERSION = YES;
				CLANG_WARN_COMMA = YES;
				CLANG_WARN_CONSTANT_CONVERSION = YES;
				CLANG_WARN_DEPRECATED_OBJC_IMPLEMENTATIONS = YES;
				CLANG_WARN_DIRECT_OBJC_ISA_USAGE = YES_ERROR;
				CLANG_WARN_DOCUMENTATION_COMMENTS = YES;
				CLANG_WARN_EMPTY_BODY = YES;
				CLANG_WARN_ENUM_CONVERSION = YES;
				CLANG_WARN_INFINITE_RECURSION = YES;
				CLANG_WARN_INT_CONVERSION = YES;
				CLANG_WARN_NON_LITERAL_NULL_CONVERSION = YES;
				CLANG_WARN_OBJC_IMPLICIT_RETAIN_SELF = YES;
				CLANG_WARN_OBJC_LITERAL_CONVERSION = YES;
				CLANG_WARN_OBJC_ROOT_CLASS = YES_ERROR;
				CLANG_WARN_QUOTED_INCLUDE_IN_FRAMEWORK_HEADER = YES;
				CLANG_WARN_RANGE_LOOP_ANALYSIS = YES;
				CLANG_WARN_STRICT_PROTOTYPES = YES;
				CLANG_WARN_SUSPICIOUS_MOVE = YES;
				CLANG_WARN_UNGUARDED_AVAILABILITY = YES_AGGRESSIVE;
				CLANG_WARN_UNREACHABLE_CODE = YES;
				CLANG_WARN__DUPLICATE_METHOD_MATCH = YES;
				COPY_PHASE_STRIP = NO;
				DEBUG_INFORMATION_FORMAT = dwarf;
				ENABLE_STRICT_OBJC_MSGSEND = YES;
				ENABLE_TESTABILITY = YES;
				GCC_C_LANGUAGE_STANDARD = gnu11;
				GCC_DYNAMIC_NO_PIC = NO;
				GCC_NO_COMMON_BLOCKS = YES;
				GCC_OPTIMIZATION_LEVEL = 0;
				GCC_PREPROCESSOR_DEFINITIONS = (
					"DEBUG=1",
					"$(inherited)",
				);
				GCC_WARN_64_TO_32_BIT_CONVERSION = YES;
				GCC_WARN_ABOUT_RETURN_TYPE = YES_ERROR;
				GCC_WARN_UNDECLARED_SELECTOR = YES;
				GCC_WARN_UNINITIALIZED_AUTOS = YES_AGGRESSIVE;
				GCC_WARN_UNUSED_FUNCTION = YES;
				GCC_WARN_UNUSED_VARIABLE = YES;
				IPHONEOS_DEPLOYMENT_TARGET = 14.0;
				MTL_ENABLE_DEBUG_INFO = INCLUDE_SOURCE;
				MTL_FAST_MATH = YES;
				ONLY_ACTIVE_ARCH = YES;
				SDKROOT = iphoneos;
				SWIFT_ACTIVE_COMPILATION_CONDITIONS = DEBUG;
				SWIFT_OPTIMIZATION_LEVEL = "-Onone";
			};
			name = Debug;
		};
		D3EADD3F25B7D1FB00EC85AE /* Release */ = {
			isa = XCBuildConfiguration;
			buildSettings = {
				ALWAYS_SEARCH_USER_PATHS = NO;
				CLANG_ANALYZER_NONNULL = YES;
				CLANG_ANALYZER_NUMBER_OBJECT_CONVERSION = YES_AGGRESSIVE;
				CLANG_CXX_LANGUAGE_STANDARD = "gnu++14";
				CLANG_CXX_LIBRARY = "libc++";
				CLANG_ENABLE_MODULES = YES;
				CLANG_ENABLE_OBJC_ARC = YES;
				CLANG_ENABLE_OBJC_WEAK = YES;
				CLANG_WARN_BLOCK_CAPTURE_AUTORELEASING = YES;
				CLANG_WARN_BOOL_CONVERSION = YES;
				CLANG_WARN_COMMA = YES;
				CLANG_WARN_CONSTANT_CONVERSION = YES;
				CLANG_WARN_DEPRECATED_OBJC_IMPLEMENTATIONS = YES;
				CLANG_WARN_DIRECT_OBJC_ISA_USAGE = YES_ERROR;
				CLANG_WARN_DOCUMENTATION_COMMENTS = YES;
				CLANG_WARN_EMPTY_BODY = YES;
				CLANG_WARN_ENUM_CONVERSION = YES;
				CLANG_WARN_INFINITE_RECURSION = YES;
				CLANG_WARN_INT_CONVERSION = YES;
				CLANG_WARN_NON_LITERAL_NULL_CONVERSION = YES;
				CLANG_WARN_OBJC_IMPLICIT_RETAIN_SELF = YES;
				CLANG_WARN_OBJC_LITERAL_CONVERSION = YES;
				CLANG_WARN_OBJC_ROOT_CLASS = YES_ERROR;
				CLANG_WARN_QUOTED_INCLUDE_IN_FRAMEWORK_HEADER = YES;
				CLANG_WARN_RANGE_LOOP_ANALYSIS = YES;
				CLANG_WARN_STRICT_PROTOTYPES = YES;
				CLANG_WARN_SUSPICIOUS_MOVE = YES;
				CLANG_WARN_UNGUARDED_AVAILABILITY = YES_AGGRESSIVE;
				CLANG_WARN_UNREACHABLE_CODE = YES;
				CLANG_WARN__DUPLICATE_METHOD_MATCH = YES;
				COPY_PHASE_STRIP = NO;
				DEBUG_INFORMATION_FORMAT = "dwarf-with-dsym";
				ENABLE_NS_ASSERTIONS = NO;
				ENABLE_STRICT_OBJC_MSGSEND = YES;
				GCC_C_LANGUAGE_STANDARD = gnu11;
				GCC_NO_COMMON_BLOCKS = YES;
				GCC_WARN_64_TO_32_BIT_CONVERSION = YES;
				GCC_WARN_ABOUT_RETURN_TYPE = YES_ERROR;
				GCC_WARN_UNDECLARED_SELECTOR = YES;
				GCC_WARN_UNINITIALIZED_AUTOS = YES_AGGRESSIVE;
				GCC_WARN_UNUSED_FUNCTION = YES;
				GCC_WARN_UNUSED_VARIABLE = YES;
				IPHONEOS_DEPLOYMENT_TARGET = 14.0;
				MTL_ENABLE_DEBUG_INFO = NO;
				MTL_FAST_MATH = YES;
				SDKROOT = iphoneos;
				SWIFT_COMPILATION_MODE = wholemodule;
				SWIFT_OPTIMIZATION_LEVEL = "-O";
				VALIDATE_PRODUCT = YES;
			};
			name = Release;
		};
		D3EADD4125B7D1FB00EC85AE /* Debug */ = {
			isa = XCBuildConfiguration;
			buildSettings = {
				ASSETCATALOG_COMPILER_APPICON_NAME = AppIcon;
				ASSETCATALOG_COMPILER_GLOBAL_ACCENT_COLOR_NAME = AccentColor;
				CODE_SIGN_STYLE = Automatic;
				DEVELOPMENT_ASSET_PATHS = "\"MultipeerChat/Preview Content\"";
				DEVELOPMENT_TEAM = XV8HFDZ5YJ;
				ENABLE_PREVIEWS = YES;
				INFOPLIST_FILE = MultipeerChat/Info.plist;
				LD_RUNPATH_SEARCH_PATHS = (
					"$(inherited)",
					"@executable_path/Frameworks",
				);
				PRODUCT_BUNDLE_IDENTIFIER = com.dls.MultipeerChat;
				PRODUCT_NAME = "$(TARGET_NAME)";
				SWIFT_VERSION = 5.0;
				TARGETED_DEVICE_FAMILY = "1,2";
			};
			name = Debug;
		};
		D3EADD4225B7D1FB00EC85AE /* Release */ = {
			isa = XCBuildConfiguration;
			buildSettings = {
				ASSETCATALOG_COMPILER_APPICON_NAME = AppIcon;
				ASSETCATALOG_COMPILER_GLOBAL_ACCENT_COLOR_NAME = AccentColor;
				CODE_SIGN_STYLE = Automatic;
				DEVELOPMENT_ASSET_PATHS = "\"MultipeerChat/Preview Content\"";
				DEVELOPMENT_TEAM = XV8HFDZ5YJ;
				ENABLE_PREVIEWS = YES;
				INFOPLIST_FILE = MultipeerChat/Info.plist;
				LD_RUNPATH_SEARCH_PATHS = (
					"$(inherited)",
					"@executable_path/Frameworks",
				);
				PRODUCT_BUNDLE_IDENTIFIER = com.dls.MultipeerChat;
				PRODUCT_NAME = "$(TARGET_NAME)";
				SWIFT_VERSION = 5.0;
				TARGETED_DEVICE_FAMILY = "1,2";
			};
			name = Release;
		};
/* End XCBuildConfiguration section */

/* Begin XCConfigurationList section */
		D3EADD2725B7D1F900EC85AE /* Build configuration list for PBXProject "MultipeerChat" */ = {
			isa = XCConfigurationList;
			buildConfigurations = (
				D3EADD3E25B7D1FB00EC85AE /* Debug */,
				D3EADD3F25B7D1FB00EC85AE /* Release */,
			);
			defaultConfigurationIsVisible = 0;
			defaultConfigurationName = Release;
		};
		D3EADD4025B7D1FB00EC85AE /* Build configuration list for PBXNativeTarget "MultipeerChat" */ = {
			isa = XCConfigurationList;
			buildConfigurations = (
				D3EADD4125B7D1FB00EC85AE /* Debug */,
				D3EADD4225B7D1FB00EC85AE /* Release */,
			);
			defaultConfigurationIsVisible = 0;
			defaultConfigurationName = Release;
		};
/* End XCConfigurationList section */
	};
	rootObject = D3EADD2425B7D1F900EC85AE /* Project object */;
}
